# This file is automatically @generated by Cargo.
# It is not intended for manual editing.
version = 4

[[package]]
name = "algin"
version = "0.1.0"
source = "git+https://github.com/sauloluas/algin.git#814ea0062292c8db398f200d2135c9af40ee5d1d"

[[package]]
name = "remu"
version = "0.1.0"
dependencies = [
 "algin",
]
